
Microsoft Visual Studio Solution File, Format Version 12.00
# Visual Studio Version 16
VisualStudioVersion = 16.0.30413.136
MinimumVisualStudioVersion = 10.0.40219.1
Project("{FAE04EC0-301F-11D3-BF4B-00C04F79EFBC}") = "Chess", "Chess.csproj", "{71140A63-F633-4046-939E-59CD74A74A1C}"
EndProject
Project("{FAE04EC0-301F-11D3-BF4B-00C04F79EFBC}") = "ChessForm", "ChessForm\ChessForm.csproj", "{60381C71-E55C-4A44-A60C-35DA33FCAEA3}"
EndProject
Global
	GlobalSection(SolutionConfigurationPlatforms) = preSolution
		Debug|Any CPU = Debug|Any CPU
		Release|Any CPU = Release|Any CPU
	EndGlobalSection
	GlobalSection(ProjectConfigurationPlatforms) = postSolution
		{71140A63-F633-4046-939E-59CD74A74A1C}.Debug|Any CPU.ActiveCfg = Debug|Any CPU
		{71140A63-F633-4046-939E-59CD74A74A1C}.Debug|Any CPU.Build.0 = Debug|Any CPU
		{71140A63-F633-4046-939E-59CD74A74A1C}.Release|Any CPU.ActiveCfg = Release|Any CPU
		{71140A63-F633-4046-939E-59CD74A74A1C}.Release|Any CPU.Build.0 = Release|Any CPU
		{60381C71-E55C-4A44-A60C-35DA33FCAEA3}.Debug|Any CPU.ActiveCfg = Debug|Any CPU
		{60381C71-E55C-4A44-A60C-35DA33FCAEA3}.Debug|Any CPU.Build.0 = Debug|Any CPU
		{60381C71-E55C-4A44-A60C-35DA33FCAEA3}.Release|Any CPU.ActiveCfg = Release|Any CPU
		{60381C71-E55C-4A44-A60C-35DA33FCAEA3}.Release|Any CPU.Build.0 = Release|Any CPU
	EndGlobalSection
	GlobalSection(SolutionProperties) = preSolution
		HideSolutionNode = FALSE
	EndGlobalSection
	GlobalSection(ExtensibilityGlobals) = postSolution
		SolutionGuid = {6A8F7D77-9F2A-4A77-80EF-B36B45236DE9}
	EndGlobalSection
EndGlobal
